
Microsoft Visual Studio Solution File, Format Version 12.00
# Visual Studio Version 16
VisualStudioVersion = 16.0.31313.79
MinimumVisualStudioVersion = 10.0.40219.1
Project("{2150E333-8FDC-42A3-9474-1A3956D46DE8}") = "Chapter01", "Chapter01", "{FFF4AE6A-A160-4057-BE57-0C20DA517E3A}"
EndProject
Project("{FAE04EC0-301F-11D3-BF4B-00C04F79EFBC}") = "DistanceConverter", "DistanceConverter\DistanceConverter.csproj", "{4D60E9EB-EE69-43E4-9C41-E180950B7618}"
EndProject
Global
	GlobalSection(SolutionConfigurationPlatforms) = preSolution
		Debug|Any CPU = Debug|Any CPU
		Release|Any CPU = Release|Any CPU
	EndGlobalSection
	GlobalSection(ProjectConfigurationPlatforms) = postSolution
		{4D60E9EB-EE69-43E4-9C41-E180950B7618}.Debug|Any CPU.ActiveCfg = Debug|Any CPU
		{4D60E9EB-EE69-43E4-9C41-E180950B7618}.Debug|Any CPU.Build.0 = Debug|Any CPU
		{4D60E9EB-EE69-43E4-9C41-E180950B7618}.Release|Any CPU.ActiveCfg = Release|Any CPU
		{4D60E9EB-EE69-43E4-9C41-E180950B7618}.Release|Any CPU.Build.0 = Release|Any CPU
	EndGlobalSection
	GlobalSection(SolutionProperties) = preSolution
		HideSolutionNode = FALSE
	EndGlobalSection
	GlobalSection(NestedProjects) = preSolution
		{4D60E9EB-EE69-43E4-9C41-E180950B7618} = {FFF4AE6A-A160-4057-BE57-0C20DA517E3A}
	EndGlobalSection
	GlobalSection(ExtensibilityGlobals) = postSolution
		SolutionGuid = {B107EBBB-16D0-42ED-BBE7-9FF0BAA5ECEC}
	EndGlobalSection
EndGlobal
