
Microsoft Visual Studio Solution File, Format Version 12.00
# Visual Studio Version 16
VisualStudioVersion = 16.0.31313.79
MinimumVisualStudioVersion = 10.0.40219.1
Project("{2150E333-8FDC-42A3-9474-1A3956D46DE8}") = "Chapter01", "Chapter01", "{FFF4AE6A-A160-4057-BE57-0C20DA517E3A}"
EndProject
Project("{FAE04EC0-301F-11D3-BF4B-00C04F79EFBC}") = "DistanceConverter", "DistanceConverter\DistanceConverter.csproj", "{4D60E9EB-EE69-43E4-9C41-E180950B7618}"
EndProject
Project("{FAE04EC0-301F-11D3-BF4B-00C04F79EFBC}") = "SalesCalculator", "SalesCalculator\SalesCalculator.csproj", "{195C1850-5273-403B-960B-95FE871AB054}"
EndProject
Project("{FAE04EC0-301F-11D3-BF4B-00C04F79EFBC}") = "Exercise1", "Exercise1\Exercise1.csproj", "{1E9052F9-5112-4A74-9142-B40C1543333D}"
EndProject
Project("{2150E333-8FDC-42A3-9474-1A3956D46DE8}") = "Exercise", "Exercise", "{8D1862D8-A72B-4BC3-B27B-06B7CE042790}"
EndProject
Project("{FAE04EC0-301F-11D3-BF4B-00C04F79EFBC}") = "Exercise2", "Exercise3\Exercise2.csproj", "{7D03AEAF-BC12-414B-AA0B-7C1D3735B0B4}"
EndProject
Project("{FAE04EC0-301F-11D3-BF4B-00C04F79EFBC}") = "Exercise3", "Exercise3\Exercise3.csproj", "{F082B4E2-D02C-4748-8AC9-3EABB2E2EDF1}"
EndProject
Project("{2150E333-8FDC-42A3-9474-1A3956D46DE8}") = "Chapter03", "Chapter03", "{DE9608A2-D465-4BA6-BCF7-AAFBDE618DB5}"
EndProject
Project("{FAE04EC0-301F-11D3-BF4B-00C04F79EFBC}") = "Section01", "Section01\Section01.csproj", "{EBB36B5D-8DF9-4532-89CB-978BA5079B96}"
EndProject
Project("{FAE04EC0-301F-11D3-BF4B-00C04F79EFBC}") = "Section02", "Section02\Section02.csproj", "{C72E101B-3823-4159-B26C-8A4BE3F9A914}"
EndProject
Project("{FAE04EC0-301F-11D3-BF4B-00C04F79EFBC}") = "Section01", "Chapter04\Section01\Section01.csproj", "{C0AC3DDE-968B-49F1-BE16-9DE87F8F73D3}"
EndProject
Project("{2150E333-8FDC-42A3-9474-1A3956D46DE8}") = "Chapter04", "Chapter04", "{03C12389-832C-4ACC-8A3B-3F8A4455EA6D}"
EndProject
Project("{FAE04EC0-301F-11D3-BF4B-00C04F79EFBC}") = "Exercise1", "Chapter04\Exercise\Exercise1\Exercise1.csproj", "{490A0008-5653-45CA-BC3B-419190592D07}"
EndProject
Project("{2150E333-8FDC-42A3-9474-1A3956D46DE8}") = "Exercise", "Exercise", "{03209039-50BC-475A-84AE-2573C73BDB81}"
EndProject
Project("{FAE04EC0-301F-11D3-BF4B-00C04F79EFBC}") = "Exercise2", "Chapter04\Exercise\Exercise2\Exercise2.csproj", "{6825894F-EF71-4D83-A52F-DB030D9AD44E}"
EndProject
Project("{FAE04EC0-301F-11D3-BF4B-00C04F79EFBC}") = "Exercise１", "Chapter05\Exercise１\Exercise１.csproj", "{19EA84EE-48A4-4F5E-9EFF-1A330A1BEFE1}"
EndProject
Project("{2150E333-8FDC-42A3-9474-1A3956D46DE8}") = "Chapter05", "Chapter05", "{B12690F1-14A7-4DC5-9AA6-93C50BDD8E79}"
EndProject
Project("{FAE04EC0-301F-11D3-BF4B-00C04F79EFBC}") = "Test01", "TestProject\Test01\Test01.csproj", "{2BFACDC3-F44D-4199-8498-F5C3C4AC0335}"
EndProject
Project("{FAE04EC0-301F-11D3-BF4B-00C04F79EFBC}") = "Test02", "TestProject\Test02\Test02.csproj", "{E461C0A8-8900-485C-B520-E929BA33F712}"
EndProject
Project("{2150E333-8FDC-42A3-9474-1A3956D46DE8}") = "TestProject", "TestProject", "{0D28C4D5-9331-47E4-9926-CA738B84DD5C}"
EndProject
Global
	GlobalSection(SolutionConfigurationPlatforms) = preSolution
		Debug|Any CPU = Debug|Any CPU
		Release|Any CPU = Release|Any CPU
	EndGlobalSection
	GlobalSection(ProjectConfigurationPlatforms) = postSolution
		{4D60E9EB-EE69-43E4-9C41-E180950B7618}.Debug|Any CPU.ActiveCfg = Debug|Any CPU
		{4D60E9EB-EE69-43E4-9C41-E180950B7618}.Debug|Any CPU.Build.0 = Debug|Any CPU
		{4D60E9EB-EE69-43E4-9C41-E180950B7618}.Release|Any CPU.ActiveCfg = Release|Any CPU
		{4D60E9EB-EE69-43E4-9C41-E180950B7618}.Release|Any CPU.Build.0 = Release|Any CPU
		{195C1850-5273-403B-960B-95FE871AB054}.Debug|Any CPU.ActiveCfg = Debug|Any CPU
		{195C1850-5273-403B-960B-95FE871AB054}.Debug|Any CPU.Build.0 = Debug|Any CPU
		{195C1850-5273-403B-960B-95FE871AB054}.Release|Any CPU.ActiveCfg = Release|Any CPU
		{195C1850-5273-403B-960B-95FE871AB054}.Release|Any CPU.Build.0 = Release|Any CPU
		{1E9052F9-5112-4A74-9142-B40C1543333D}.Debug|Any CPU.ActiveCfg = Debug|Any CPU
		{1E9052F9-5112-4A74-9142-B40C1543333D}.Debug|Any CPU.Build.0 = Debug|Any CPU
		{1E9052F9-5112-4A74-9142-B40C1543333D}.Release|Any CPU.ActiveCfg = Release|Any CPU
		{1E9052F9-5112-4A74-9142-B40C1543333D}.Release|Any CPU.Build.0 = Release|Any CPU
		{7D03AEAF-BC12-414B-AA0B-7C1D3735B0B4}.Debug|Any CPU.ActiveCfg = Debug|Any CPU
		{7D03AEAF-BC12-414B-AA0B-7C1D3735B0B4}.Debug|Any CPU.Build.0 = Debug|Any CPU
		{7D03AEAF-BC12-414B-AA0B-7C1D3735B0B4}.Release|Any CPU.ActiveCfg = Release|Any CPU
		{7D03AEAF-BC12-414B-AA0B-7C1D3735B0B4}.Release|Any CPU.Build.0 = Release|Any CPU
		{F082B4E2-D02C-4748-8AC9-3EABB2E2EDF1}.Debug|Any CPU.ActiveCfg = Debug|Any CPU
		{F082B4E2-D02C-4748-8AC9-3EABB2E2EDF1}.Debug|Any CPU.Build.0 = Debug|Any CPU
		{F082B4E2-D02C-4748-8AC9-3EABB2E2EDF1}.Release|Any CPU.ActiveCfg = Release|Any CPU
		{F082B4E2-D02C-4748-8AC9-3EABB2E2EDF1}.Release|Any CPU.Build.0 = Release|Any CPU
		{EBB36B5D-8DF9-4532-89CB-978BA5079B96}.Debug|Any CPU.ActiveCfg = Debug|Any CPU
		{EBB36B5D-8DF9-4532-89CB-978BA5079B96}.Debug|Any CPU.Build.0 = Debug|Any CPU
		{EBB36B5D-8DF9-4532-89CB-978BA5079B96}.Release|Any CPU.ActiveCfg = Release|Any CPU
		{EBB36B5D-8DF9-4532-89CB-978BA5079B96}.Release|Any CPU.Build.0 = Release|Any CPU
		{C72E101B-3823-4159-B26C-8A4BE3F9A914}.Debug|Any CPU.ActiveCfg = Debug|Any CPU
		{C72E101B-3823-4159-B26C-8A4BE3F9A914}.Debug|Any CPU.Build.0 = Debug|Any CPU
		{C72E101B-3823-4159-B26C-8A4BE3F9A914}.Release|Any CPU.ActiveCfg = Release|Any CPU
		{C72E101B-3823-4159-B26C-8A4BE3F9A914}.Release|Any CPU.Build.0 = Release|Any CPU
		{C0AC3DDE-968B-49F1-BE16-9DE87F8F73D3}.Debug|Any CPU.ActiveCfg = Debug|Any CPU
		{C0AC3DDE-968B-49F1-BE16-9DE87F8F73D3}.Debug|Any CPU.Build.0 = Debug|Any CPU
		{C0AC3DDE-968B-49F1-BE16-9DE87F8F73D3}.Release|Any CPU.ActiveCfg = Release|Any CPU
		{C0AC3DDE-968B-49F1-BE16-9DE87F8F73D3}.Release|Any CPU.Build.0 = Release|Any CPU
		{490A0008-5653-45CA-BC3B-419190592D07}.Debug|Any CPU.ActiveCfg = Debug|Any CPU
		{490A0008-5653-45CA-BC3B-419190592D07}.Debug|Any CPU.Build.0 = Debug|Any CPU
		{490A0008-5653-45CA-BC3B-419190592D07}.Release|Any CPU.ActiveCfg = Release|Any CPU
		{490A0008-5653-45CA-BC3B-419190592D07}.Release|Any CPU.Build.0 = Release|Any CPU
		{6825894F-EF71-4D83-A52F-DB030D9AD44E}.Debug|Any CPU.ActiveCfg = Debug|Any CPU
		{6825894F-EF71-4D83-A52F-DB030D9AD44E}.Debug|Any CPU.Build.0 = Debug|Any CPU
		{6825894F-EF71-4D83-A52F-DB030D9AD44E}.Release|Any CPU.ActiveCfg = Release|Any CPU
		{6825894F-EF71-4D83-A52F-DB030D9AD44E}.Release|Any CPU.Build.0 = Release|Any CPU
		{19EA84EE-48A4-4F5E-9EFF-1A330A1BEFE1}.Debug|Any CPU.ActiveCfg = Debug|Any CPU
		{19EA84EE-48A4-4F5E-9EFF-1A330A1BEFE1}.Debug|Any CPU.Build.0 = Debug|Any CPU
		{19EA84EE-48A4-4F5E-9EFF-1A330A1BEFE1}.Release|Any CPU.ActiveCfg = Release|Any CPU
		{19EA84EE-48A4-4F5E-9EFF-1A330A1BEFE1}.Release|Any CPU.Build.0 = Release|Any CPU
		{2BFACDC3-F44D-4199-8498-F5C3C4AC0335}.Debug|Any CPU.ActiveCfg = Debug|Any CPU
		{2BFACDC3-F44D-4199-8498-F5C3C4AC0335}.Debug|Any CPU.Build.0 = Debug|Any CPU
		{2BFACDC3-F44D-4199-8498-F5C3C4AC0335}.Release|Any CPU.ActiveCfg = Release|Any CPU
		{2BFACDC3-F44D-4199-8498-F5C3C4AC0335}.Release|Any CPU.Build.0 = Release|Any CPU
		{E461C0A8-8900-485C-B520-E929BA33F712}.Debug|Any CPU.ActiveCfg = Debug|Any CPU
		{E461C0A8-8900-485C-B520-E929BA33F712}.Debug|Any CPU.Build.0 = Debug|Any CPU
		{E461C0A8-8900-485C-B520-E929BA33F712}.Release|Any CPU.ActiveCfg = Release|Any CPU
		{E461C0A8-8900-485C-B520-E929BA33F712}.Release|Any CPU.Build.0 = Release|Any CPU
	EndGlobalSection
	GlobalSection(SolutionProperties) = preSolution
		HideSolutionNode = FALSE
	EndGlobalSection
	GlobalSection(NestedProjects) = preSolution
		{4D60E9EB-EE69-43E4-9C41-E180950B7618} = {FFF4AE6A-A160-4057-BE57-0C20DA517E3A}
		{195C1850-5273-403B-960B-95FE871AB054} = {FFF4AE6A-A160-4057-BE57-0C20DA517E3A}
		{1E9052F9-5112-4A74-9142-B40C1543333D} = {8D1862D8-A72B-4BC3-B27B-06B7CE042790}
		{8D1862D8-A72B-4BC3-B27B-06B7CE042790} = {FFF4AE6A-A160-4057-BE57-0C20DA517E3A}
		{7D03AEAF-BC12-414B-AA0B-7C1D3735B0B4} = {8D1862D8-A72B-4BC3-B27B-06B7CE042790}
		{F082B4E2-D02C-4748-8AC9-3EABB2E2EDF1} = {8D1862D8-A72B-4BC3-B27B-06B7CE042790}
		{EBB36B5D-8DF9-4532-89CB-978BA5079B96} = {DE9608A2-D465-4BA6-BCF7-AAFBDE618DB5}
		{C72E101B-3823-4159-B26C-8A4BE3F9A914} = {DE9608A2-D465-4BA6-BCF7-AAFBDE618DB5}
		{C0AC3DDE-968B-49F1-BE16-9DE87F8F73D3} = {03C12389-832C-4ACC-8A3B-3F8A4455EA6D}
		{490A0008-5653-45CA-BC3B-419190592D07} = {03209039-50BC-475A-84AE-2573C73BDB81}
		{03209039-50BC-475A-84AE-2573C73BDB81} = {03C12389-832C-4ACC-8A3B-3F8A4455EA6D}
		{6825894F-EF71-4D83-A52F-DB030D9AD44E} = {03209039-50BC-475A-84AE-2573C73BDB81}
		{19EA84EE-48A4-4F5E-9EFF-1A330A1BEFE1} = {B12690F1-14A7-4DC5-9AA6-93C50BDD8E79}
		{2BFACDC3-F44D-4199-8498-F5C3C4AC0335} = {0D28C4D5-9331-47E4-9926-CA738B84DD5C}
		{E461C0A8-8900-485C-B520-E929BA33F712} = {0D28C4D5-9331-47E4-9926-CA738B84DD5C}
	EndGlobalSection
	GlobalSection(ExtensibilityGlobals) = postSolution
		SolutionGuid = {B107EBBB-16D0-42ED-BBE7-9FF0BAA5ECEC}
	EndGlobalSection
EndGlobal
